
Microsoft Visual Studio Solution File, Format Version 12.00
# Visual Studio 15
VisualStudioVersion = 15.0.28307.271
MinimumVisualStudioVersion = 10.0.40219.1
Project("{FAE04EC0-301F-11D3-BF4B-00C04F79EFBC}") = "pinger_245", "pinger_245\pinger_245.csproj", "{A6B9540E-4133-40BA-AAE5-5B4972FAD7D0}"
EndProject
Global
	GlobalSection(SolutionConfigurationPlatforms) = preSolution
		Debug|Any CPU = Debug|Any CPU
		Release|Any CPU = Release|Any CPU
	EndGlobalSection
	GlobalSection(ProjectConfigurationPlatforms) = postSolution
		{A6B9540E-4133-40BA-AAE5-5B4972FAD7D0}.Debug|Any CPU.ActiveCfg = Debug|Any CPU
		{A6B9540E-4133-40BA-AAE5-5B4972FAD7D0}.Debug|Any CPU.Build.0 = Debug|Any CPU
		{A6B9540E-4133-40BA-AAE5-5B4972FAD7D0}.Release|Any CPU.ActiveCfg = Release|Any CPU
		{A6B9540E-4133-40BA-AAE5-5B4972FAD7D0}.Release|Any CPU.Build.0 = Release|Any CPU
	EndGlobalSection
	GlobalSection(SolutionProperties) = preSolution
		HideSolutionNode = FALSE
	EndGlobalSection
	GlobalSection(ExtensibilityGlobals) = postSolution
		SolutionGuid = {24089461-812D-494E-B78F-163814B1A50E}
	EndGlobalSection
EndGlobal
